
Microsoft Visual Studio Solution File, Format Version 12.00
# Visual Studio 15
VisualStudioVersion = 15.0.27428.1
MinimumVisualStudioVersion = 10.0.40219.1
Project("{FAE04EC0-301F-11D3-BF4B-00C04F79EFBC}") = "CroplandWpf", "CroplandWpf\CroplandWpf.csproj", "{FBA9E0FB-5FC4-479E-A174-53FA68826769}"
EndProject
Project("{FAE04EC0-301F-11D3-BF4B-00C04F79EFBC}") = "CroplandWpf.Test", "CroplandWpf.Test\CroplandWpf.Test.csproj", "{3EF5B2B1-F2B7-48CF-9EFB-73A7D32D1D12}"
EndProject
Global
	GlobalSection(SolutionConfigurationPlatforms) = preSolution
		Debug|Any CPU = Debug|Any CPU
		Release|Any CPU = Release|Any CPU
	EndGlobalSection
	GlobalSection(ProjectConfigurationPlatforms) = postSolution
		{FBA9E0FB-5FC4-479E-A174-53FA68826769}.Debug|Any CPU.ActiveCfg = Debug|Any CPU
		{FBA9E0FB-5FC4-479E-A174-53FA68826769}.Debug|Any CPU.Build.0 = Debug|Any CPU
		{FBA9E0FB-5FC4-479E-A174-53FA68826769}.Release|Any CPU.ActiveCfg = Release|Any CPU
		{FBA9E0FB-5FC4-479E-A174-53FA68826769}.Release|Any CPU.Build.0 = Release|Any CPU
		{3EF5B2B1-F2B7-48CF-9EFB-73A7D32D1D12}.Debug|Any CPU.ActiveCfg = Debug|Any CPU
		{3EF5B2B1-F2B7-48CF-9EFB-73A7D32D1D12}.Debug|Any CPU.Build.0 = Debug|Any CPU
		{3EF5B2B1-F2B7-48CF-9EFB-73A7D32D1D12}.Release|Any CPU.ActiveCfg = Release|Any CPU
		{3EF5B2B1-F2B7-48CF-9EFB-73A7D32D1D12}.Release|Any CPU.Build.0 = Release|Any CPU
	EndGlobalSection
	GlobalSection(SolutionProperties) = preSolution
		HideSolutionNode = FALSE
	EndGlobalSection
	GlobalSection(ExtensibilityGlobals) = postSolution
		SolutionGuid = {2D97FF12-FD49-4571-887B-8929CDF15C9F}
	EndGlobalSection
EndGlobal
